
Microsoft Visual Studio Solution File, Format Version 12.00
# Visual Studio Version 17
VisualStudioVersion = 17.10.35122.118
MinimumVisualStudioVersion = 10.0.40219.1
Project("{9A19103F-16F7-4668-BE54-9A1E7A4F7556}") = "AdvancedDevelopment", "AdvancedDevelopment.csproj", "{5FC77150-C25C-47FB-9E59-72994B8A98F7}"
EndProject
Project("{9A19103F-16F7-4668-BE54-9A1E7A4F7556}") = "AdvancedDevelopment.Test", "..\AdvancedDevelopment.Test\AdvancedDevelopment.Test.csproj", "{2E9047C2-2E95-4A37-B651-786B2D5DB1A7}"
EndProject
Global
	GlobalSection(SolutionConfigurationPlatforms) = preSolution
		Debug|Any CPU = Debug|Any CPU
		Release|Any CPU = Release|Any CPU
	EndGlobalSection
	GlobalSection(ProjectConfigurationPlatforms) = postSolution
		{5FC77150-C25C-47FB-9E59-72994B8A98F7}.Debug|Any CPU.ActiveCfg = Debug|Any CPU
		{5FC77150-C25C-47FB-9E59-72994B8A98F7}.Debug|Any CPU.Build.0 = Debug|Any CPU
		{5FC77150-C25C-47FB-9E59-72994B8A98F7}.Release|Any CPU.ActiveCfg = Release|Any CPU
		{5FC77150-C25C-47FB-9E59-72994B8A98F7}.Release|Any CPU.Build.0 = Release|Any CPU
		{2E9047C2-2E95-4A37-B651-786B2D5DB1A7}.Debug|Any CPU.ActiveCfg = Debug|Any CPU
		{2E9047C2-2E95-4A37-B651-786B2D5DB1A7}.Debug|Any CPU.Build.0 = Debug|Any CPU
		{2E9047C2-2E95-4A37-B651-786B2D5DB1A7}.Release|Any CPU.ActiveCfg = Release|Any CPU
		{2E9047C2-2E95-4A37-B651-786B2D5DB1A7}.Release|Any CPU.Build.0 = Release|Any CPU
	EndGlobalSection
	GlobalSection(SolutionProperties) = preSolution
		HideSolutionNode = FALSE
	EndGlobalSection
	GlobalSection(ExtensibilityGlobals) = postSolution
		SolutionGuid = {69A6B210-4043-4A98-8834-61640B231CEA}
	EndGlobalSection
EndGlobal
